
Microsoft Visual Studio Solution File, Format Version 12.00
# Visual Studio Version 16
VisualStudioVersion = 16.0.30406.217
MinimumVisualStudioVersion = 10.0.40219.1
Project("{F184B08F-C81C-45F6-A57F-5ABD9991F28F}") = "CodeChecker", "CodeChecker.vbproj", "{045FEDA8-AF64-4D60-8A4B-6A60670E992B}"
EndProject
Global
	GlobalSection(SolutionConfigurationPlatforms) = preSolution
		Debug|Any CPU = Debug|Any CPU
		Debug|x86 = Debug|x86
		Release|Any CPU = Release|Any CPU
		Release|x86 = Release|x86
	EndGlobalSection
	GlobalSection(ProjectConfigurationPlatforms) = postSolution
		{045FEDA8-AF64-4D60-8A4B-6A60670E992B}.Debug|Any CPU.ActiveCfg = Debug|x86
		{045FEDA8-AF64-4D60-8A4B-6A60670E992B}.Debug|Any CPU.Build.0 = Debug|x86
		{045FEDA8-AF64-4D60-8A4B-6A60670E992B}.Debug|x86.ActiveCfg = Debug|x86
		{045FEDA8-AF64-4D60-8A4B-6A60670E992B}.Debug|x86.Build.0 = Debug|x86
		{045FEDA8-AF64-4D60-8A4B-6A60670E992B}.Release|Any CPU.ActiveCfg = Release|Any CPU
		{045FEDA8-AF64-4D60-8A4B-6A60670E992B}.Release|Any CPU.Build.0 = Release|Any CPU
		{045FEDA8-AF64-4D60-8A4B-6A60670E992B}.Release|x86.ActiveCfg = Release|x86
		{045FEDA8-AF64-4D60-8A4B-6A60670E992B}.Release|x86.Build.0 = Release|x86
	EndGlobalSection
	GlobalSection(SolutionProperties) = preSolution
		HideSolutionNode = FALSE
	EndGlobalSection
	GlobalSection(ExtensibilityGlobals) = postSolution
		SolutionGuid = {BCC24396-67DA-401C-9D1D-42ABD102DEA9}
	EndGlobalSection
EndGlobal
